{"SurveyID": "SV_6llqAsI32tDsPSl", "Element": "SQ", "PrimaryAttribute": "QID14", "SecondaryAttribute": "MC SAVR Both", "TertiaryAttribute": null, "Payload": {"QuestionText": "MC SAVR Both", "DataExportTag": "MC_SAVR_Both", "QuestionType": "MC", "Selector": "SAVR", "SubSelector": "TX", "Configuration": {"QuestionDescriptionOption": "UseText"}, "QuestionDescription": "MC SAVR Both", "Choices": {"1": {"Display": "Click to write Choice 1"}, "2": {"Display": "Click to write Choice 2"}, "3": {"Display": "Click to write Choice 3"}, "4": {"Display": "TextEntryChoice", "TextEntry": "true", "TextEntryForceResponse": true}}, "ChoiceOrder": ["1", "2", "3", "4"], "Validation": {"Settings": {"ForceResponse": "OFF", "ForceResponseType": "ON", "Type": "None"}}, "RecodeValues": {"1": "5", "2": "6", "3": "7", "4": "8"}, "VariableNaming": {"1": "MC_SAVR_Both1", "2": "MC_SAVR_Both2", "3": "MC_SAVR_Both3", "4": "MC_SAVR_Both4"}, "Language": [], "NextChoiceId": 5, "NextAnswerId": 1, "QuestionID": "QID14", "DataVisibility": {"Private": false, "Hidden": false}}}