{"SurveyID": "SV_6llqAsI32tDsPSl", "Element": "SQ", "PrimaryAttribute": "QID4", "SecondaryAttribute": "MC SBox NoRecode", "TertiaryAttribute": null, "Payload": {"QuestionText": "MC SBox NoRecode", "DataExportTag": "MC_SBox_NoRecode", "QuestionType": "MC", "Selector": "SB", "Configuration": {"QuestionDescriptionOption": "UseText"}, "QuestionDescription": "MC SBox NoRecode", "Choices": {"1": {"Display": "Choice1"}, "2": {"Display": "Choice2"}, "3": {"Display": "Choice3"}}, "ChoiceOrder": ["1", "2", "3"], "Validation": {"Settings": {"ForceResponse": "OFF", "ForceResponseType": "ON", "Type": "None"}}, "Language": [], "NextChoiceId": 4, "NextAnswerId": 1, "QuestionID": "QID4", "DataVisibility": {"Private": false, "Hidden": false}}}