{"SurveyEntry": {"SurveyID": "SV_6llqAsI32tDsPSl", "SurveyName": "SurveyQuestionTest", "SurveyDescription": null, "SurveyOwnerID": "UR_6R9Bmzd9QT8I6wZ", "SurveyBrandID": "brown", "DivisionID": null, "SurveyLanguage": "EN", "SurveyActiveResponseSet": "RS_0chJLk3Yi1sssC1", "SurveyStatus": "Active", "SurveyStartDate": "0000-00-00 00:00:00", "SurveyExpirationDate": "0000-00-00 00:00:00", "SurveyCreationDate": "2020-05-07 03:16:42", "CreatorID": "UR_6R9Bmzd9QT8I6wZ", "LastModified": "2021-12-01 06:11:43", "LastAccessed": "0000-00-00 00:00:00", "LastActivated": "2020-05-07 04:13:07", "Deleted": null}, "SurveyElements": [{"SurveyID": "SV_6llqAsI32tDsPSl", "Element": "BL", "PrimaryAttribute": "Survey Blocks", "SecondaryAttribute": null, "TertiaryAttribute": null, "Payload": [{"Type": "Default", "Description": "Default Question Block", "ID": "BL_eytQAQnbOvJEiVv", "BlockElements": [{"Type": "Question", "QuestionID": "QID1"}, {"Type": "Question", "QuestionID": "QID2"}, {"Type": "Question", "QuestionID": "QID3"}, {"Type": "Question", "QuestionID": "QID4"}, {"Type": "Question", "QuestionID": "QID5"}, {"Type": "Question", "QuestionID": "QID6"}, {"Type": "Question", "QuestionID": "QID7"}, {"Type": "Question", "QuestionID": "QID8"}, {"Type": "Question", "QuestionID": "QID12"}, {"Type": "Question", "QuestionID": "QID13"}, {"Type": "Question", "QuestionID": "QID14"}, {"Type": "Question", "QuestionID": "QID15"}, {"Type": "Question", "QuestionID": "QID16"}, {"Type": "Question", "QuestionID": "QID17"}, {"Type": "Question", "QuestionID": "QID9"}, {"Type": "Question", "QuestionID": "QID38"}, {"Type": "Question", "QuestionID": "QID10"}, {"Type": "Question", "QuestionID": "QID18"}, {"Type": "Question", "QuestionID": "QID19"}, {"Type": "Question", "QuestionID": "QID20"}, {"Type": "Question", "QuestionID": "QID40"}, {"Type": "Question", "QuestionID": "QID21"}, {"Type": "Question", "QuestionID": "QID22"}, {"Type": "Question", "QuestionID": "QID39"}, {"Type": "Question", "QuestionID": "QID23"}, {"Type": "Question", "QuestionID": "QID24"}, {"Type": "Question", "QuestionID": "QID25"}, {"Type": "Question", "QuestionID": "QID26"}, {"Type": "Question", "QuestionID": "QID27"}, {"Type": "Question", "QuestionID": "QID28"}, {"Type": "Question", "QuestionID": "QID29"}, {"Type": "Question", "QuestionID": "QID30"}, {"Type": "Question", "QuestionID": "QID32"}, {"Type": "Question", "QuestionID": "QID31"}, {"Type": "Question", "QuestionID": "QID33"}, {"Type": "Question", "QuestionID": "QID34"}, {"Type": "Question", "QuestionID": "QID46"}, {"Type": "Question", "QuestionID": "QID35"}, {"Type": "Question", "QuestionID": "QID45"}, {"Type": "Question", "QuestionID": "QID37"}, {"Type": "Question", "QuestionID": "QID41"}, {"Type": "Question", "QuestionID": "QID42"}], "Options": {"BlockLocking": "false", "RandomizeQuestions": "false", "BlockVisibility": "Expanded"}}, {"Type": "Trash", "Description": "Trash / Unused Questions", "ID": "BL_ab0Qah1sQvEKGNL", "BlockElements": []}]}, {"SurveyID": "SV_6llqAsI32tDsPSl", "Element": "FL", "PrimaryAttribute": "Survey Flow", "SecondaryAttribute": null, "TertiaryAttribute": null, "Payload": {"Flow": [{"ID": "BL_eytQAQnbOvJEiVv", "Type": "Block", "FlowID": "FL_2"}], "Properties": {"Count": 2}, "FlowID": "FL_1", "Type": "Root"}}, {"SurveyID": "SV_6llqAsI32tDsPSl", "Element": "SO", "PrimaryAttribute": "Survey Options", "SecondaryAttribute": null, "TertiaryAttribute": null, "Payload": {"BackButton": "false", "SaveAndContinue": "true", "SurveyProtection": "PublicSurvey", "BallotBoxStuffingPrevention": "false", "NoIndex": "Yes", "SecureResponseFiles": "true", "SurveyExpiration": "None", "SurveyTermination": "DefaultMessage", "Header": "", "Footer": "", "ProgressBarDisplay": "None", "PartialData": "+1 week", "ValidationMessage": "", "PreviousButton": " \u2190 ", "NextButton": " \u2192 ", "SurveyTitle": "Online Survey Software | Qualtrics Survey Solutions", "SkinLibrary": "brown", "SkinType": "MQ", "Skin": "brown_3", "NewScoring": 1, "SurveyName": "SurveyQuestionTest", "SpellChecked": "1", "": null}}, {"SurveyID": "SV_6llqAsI32tDsPSl", "Element": "SCO", "PrimaryAttribute": "Scoring", "SecondaryAttribute": null, "TertiaryAttribute": null, "Payload": {"ScoringCategories": [], "ScoringCategoryGroups": [], "ScoringSummaryCategory": null, "ScoringSummaryAfterQuestions": 0, "ScoringSummaryAfterSurvey": 0, "DefaultScoringCategory": null, "AutoScoringCategory": null}}, {"SurveyID": "SV_6llqAsI32tDsPSl", "Element": "PROJ", "PrimaryAttribute": "CORE", "SecondaryAttribute": null, "TertiaryAttribute": "1.1.0", "Payload": {"ProjectCategory": "CORE", "SchemaVersion": "1.1.0"}}, {"SurveyID": "SV_6llqAsI32tDsPSl", "Element": "STAT", "PrimaryAttribute": "Survey Statistics", "SecondaryAttribute": null, "TertiaryAttribute": null, "Payload": {"MobileCompatible": true, "ID": "Survey Statistics"}}, {"SurveyID": "SV_6llqAsI32tDsPSl", "Element": "QC", "PrimaryAttribute": "Survey Question Count", "SecondaryAttribute": "46", "TertiaryAttribute": null, "Payload": null}, {"SurveyID": "SV_6llqAsI32tDsPSl", "Element": "SQ", "PrimaryAttribute": "QID1", "SecondaryAttribute": "Click to write Question Text", "TertiaryAttribute": null, "Payload": {"QuestionText": "Click to write Question Text", "DataExportTag": "SurveyQuestionName", "QuestionType": "MC", "Selector": "SAVR", "SubSelector": "TX", "Configuration": {"QuestionDescriptionOption": "UseText"}, "QuestionDescription": "Click to write Question Text", "Choices": {"1": {"Display": "Choice1"}, "2": {"Display": "Choice2"}, "3": {"Display": "Choice3"}, "4": {"Display": "TextEntryChoice", "TextEntry": "true", "TextEntryValidation": "ValidUSState"}}, "ChoiceOrder": ["1", "2", "3", "4"], "Validation": {"Settings": {"ForceResponse": "OFF", "ForceResponseType": "ON", "Type": "None"}}, "Language": [], "NextChoiceId": 5, "NextAnswerId": 1, "QuestionID": "QID1", "DataVisibility": {"Private": false, "Hidden": false}}}, {"SurveyID": "SV_6llqAsI32tDsPSl", "Element": "RS", "PrimaryAttribute": "RS_0chJLk3Yi1sssC1", "SecondaryAttribute": "Default Response Set", "TertiaryAttribute": null, "Payload": null}, {"SurveyID": "SV_6llqAsI32tDsPSl", "Element": "SQ", "PrimaryAttribute": "QID9", "SecondaryAttribute": "DescText", "TertiaryAttribute": null, "Payload": {"QuestionText": "DescText", "DefaultChoices": false, "DataExportTag": "DescText", "QuestionType": "DB", "Selector": "TB", "Configuration": {"QuestionDescriptionOption": "UseText"}, "QuestionDescription": "DescText", "ChoiceOrder": [], "Validation": {"Settings": {"Type": "None"}}, "GradingData": [], "Language": [], "NextChoiceId": 4, "NextAnswerId": 1, "QuestionID": "QID9"}}, {"SurveyID": "SV_6llqAsI32tDsPSl", "Element": "SQ", "PrimaryAttribute": "QID10", "SecondaryAttribute": "Driving Response Rates.jpg", "TertiaryAttribute": null, "Payload": {"QuestionText": "Driving Response Rates.jpg", "DefaultChoices": false, "DataExportTag": "Graphic", "QuestionType": "DB", "Selector": "GRB", "SubSelector": "WOTXB", "Configuration": {"QuestionDescriptionOption": "UseText"}, "QuestionDescription": "Driving Response Rates.jpg", "ChoiceOrder": [], "Validation": {"Settings": {"Type": "None"}}, "GradingData": [], "Language": [], "NextChoiceId": 4, "NextAnswerId": 1, "Graphics": "IM_b3hzfUyclyFQ4MB", "GraphicsDescription": "Driving Response Rates.jpg", "QuestionID": "QID10"}}, {"SurveyID": "SV_6llqAsI32tDsPSl", "Element": "SQ", "PrimaryAttribute": "QID38", "SecondaryAttribute": "LibraryTest.txt", "TertiaryAttribute": null, "Payload": {"QuestionText": "LibraryTest.txt", "DefaultChoices": false, "DataExportTag": "DescText_File", "QuestionType": "DB", "Selector": "FLB", "Configuration": {"QuestionDescriptionOption": "UseText", "ForceDownload": "ON", "IncludeDescription": "ON", "LinkText": "DescText_File"}, "QuestionDescription": "LibraryTest.txt", "ChoiceOrder": [], "Validation": {"Settings": {"Type": "None"}}, "GradingData": [], "Language": [], "NextChoiceId": 4, "NextAnswerId": 1, "QuestionID": "QID38", "Files": "F_b8zsO5v71dNKfJ3", "FilesDescription": "LibraryTest.txt"}}, {"SurveyID": "SV_6llqAsI32tDsPSl", "Element": "SQ", "PrimaryAttribute": "QID19", "SecondaryAttribute": "M Bipolar NoRecode", "TertiaryAttribute": null, "Payload": {"QuestionText": "M Bipolar NoRecode", "DefaultChoices": false, "DataExportTag": "M_Bipolar_Noecode", "QuestionType": "Matrix", "Selector": "Bipolar", "Configuration": {"QuestionDescriptionOption": "UseText", "TextPosition": "inline", "ChoiceColumnWidth": 25, "MobileFirst": true}, "QuestionDescription": "M Bipolar NoRecode", "Choices": {"1": {"Display": "Left1:Right1"}, "2": {"Display": "Left2:Right2"}, "3": {"Display": "Left3:Right3"}}, "ChoiceOrder": ["1", "2", "3"], "Validation": {"Settings": {"ForceResponse": "OFF", "ForceResponseType": "ON", "Type": "None"}}, "GradingData": [], "Language": [], "NextChoiceId": 4, "NextAnswerId": 4, "Answers": {"1": {"Display": "1"}, "2": {"Display": "2"}, "3": {"Display": "3"}}, "AnswerOrder": ["1", "2", "3"], "AnswerColumns": 3, "ChoiceDataExportTags": false, "QuestionID": "QID19", "DataVisibility": {"Private": false, "Hidden": false}}}, {"SurveyID": "SV_6llqAsI32tDsPSl", "Element": "SQ", "PrimaryAttribute": "QID26", "SecondaryAttribute": "M Lik SA RecAll", "TertiaryAttribute": null, "Payload": {"QuestionText": "M Lik SA RecAll", "DefaultChoices": false, "DataExportTag": "M_Lik_SA_RecAll", "QuestionType": "Matrix", "Selector": "Likert", "SubSelector": "SingleAnswer", "Configuration": {"QuestionDescriptionOption": "UseText", "TextPosition": "inline", "ChoiceColumnWidth": 25, "RepeatHeaders": "none", "WhiteSpace": "OFF", "MobileFirst": true}, "QuestionDescription": "M Lik SA RecAll", "Choices": {"1": {"Display": "Click to write Statement 1"}, "2": {"Display": "Click to write Statement 2"}, "3": {"Display": "Click to write Statement 3"}}, "ChoiceOrder": ["1", "2", "3"], "Validation": {"Settings": {"ForceResponse": "OFF", "ForceResponseType": "ON", "Type": "None"}}, "RecodeValues": {"1": "4", "2": "5", "3": "6"}, "VariableNaming": {"1": "ScalePoint.1", "2": "ScalePoint.2", "3": "ScalePoint.3"}, "GradingData": [], "Language": [], "NextChoiceId": 4, "NextAnswerId": 4, "Answers": {"1": {"Display": "Click to write Scale Point 1"}, "2": {"Display": "Click to write Scale Point 2"}, "3": {"Display": "Click to write Scale Point 3"}}, "AnswerOrder": ["1", "2", "3"], "ChoiceDataExportTags": {"1": "M_Lik_SA_QET.1", "2": "M_Lik_SA_QET.2", "3": "M_Lik_SA_Qet.3"}, "QuestionID": "QID26", "DataVisibility": {"Private": false, "Hidden": false}}}, {"SurveyID": "SV_6llqAsI32tDsPSl", "Element": "SQ", "PrimaryAttribute": "QID23", "SecondaryAttribute": "M Lik SA RecVals", "TertiaryAttribute": null, "Payload": {"QuestionText": "M Lik SA RecVals", "DefaultChoices": false, "DataExportTag": "M_Lik_SA_RecVals", "QuestionType": "Matrix", "Selector": "Likert", "SubSelector": "SingleAnswer", "Configuration": {"QuestionDescriptionOption": "UseText", "TextPosition": "inline", "ChoiceColumnWidth": 25, "RepeatHeaders": "none", "WhiteSpace": "OFF", "MobileFirst": true}, "QuestionDescription": "M Lik SA RecVals", "Choices": {"1": {"Display": "Click to write Statement 1"}, "2": {"Display": "Click to write Statement 2"}, "3": {"Display": "Click to write Statement 3"}}, "ChoiceOrder": ["1", "2", "3"], "Validation": {"Settings": {"ForceResponse": "OFF", "ForceResponseType": "ON", "Type": "None"}}, "RecodeValues": {"1": "0", "2": "1", "3": "2"}, "GradingData": [], "Language": [], "NextChoiceId": 4, "NextAnswerId": 4, "Answers": {"1": {"Display": "Click to write Scale Point 1"}, "2": {"Display": "Click to write Scale Point 2"}, "3": {"Display": "Click to write Scale Point 3"}}, "AnswerOrder": ["1", "2", "3"], "ChoiceDataExportTags": {"1": "M_Lik_SA_RecVals_SubQuestion1", "2": "M_Lik_SA_RecVals_SubQuestion2", "3": "M_Lik_SA_RecVals_SubQuestion3"}, "QuestionID": "QID23", "DataVisibility": {"Private": false, "Hidden": false}}}, {"SurveyID": "SV_6llqAsI32tDsPSl", "Element": "SQ", "PrimaryAttribute": "QID24", "SecondaryAttribute": "M Lik SA VarNames", "TertiaryAttribute": null, "Payload": {"QuestionText": "M Lik SA VarNames", "DefaultChoices": false, "DataExportTag": "M_Lik_SA_VarNames", "QuestionType": "Matrix", "Selector": "Likert", "SubSelector": "SingleAnswer", "Configuration": {"QuestionDescriptionOption": "UseText", "TextPosition": "inline", "ChoiceColumnWidth": 25, "RepeatHeaders": "none", "WhiteSpace": "OFF", "MobileFirst": true}, "QuestionDescription": "M Lik SA VarNames", "Choices": {"1": {"Display": "Click to write Statement 1"}, "2": {"Display": "Click to write Statement 2"}, "3": {"Display": "Click to write Statement 3"}}, "ChoiceOrder": ["1", "2", "3"], "Validation": {"Settings": {"ForceResponse": "OFF", "ForceResponseType": "ON", "Type": "None"}}, "GradingData": [], "Language": [], "NextChoiceId": 4, "NextAnswerId": 4, "Answers": {"1": {"Display": "Click to write Scale Point 1"}, "2": {"Display": "Click to write Scale Point 2"}, "3": {"Display": "Click to write Scale Point 3"}}, "AnswerOrder": ["1", "2", "3"], "ChoiceDataExportTags": false, "QuestionID": "QID24", "VariableNaming": {"1": "M_Lik_SA_VarNames1", "2": "M_Lik_SA_VarNames2", "3": "M_Lik_SA_VarNames3"}, "DataVisibility": {"Private": false, "Hidden": false}}}, {"SurveyID": "SV_6llqAsI32tDsPSl", "Element": "SQ", "PrimaryAttribute": "QID21", "SecondaryAttribute": "M Likert DD NoRecode", "TertiaryAttribute": null, "Payload": {"QuestionText": "M Likert DD NoRecode", "DefaultChoices": false, "DataExportTag": "M_Likert_DD_NoRecode", "QuestionType": "Matrix", "Selector": "Likert", "SubSelector": "DL", "Configuration": {"QuestionDescriptionOption": "UseText", "TextPosition": "inline", "ChoiceColumnWidth": 25, "MobileFirst": false}, "QuestionDescription": "M Likert DD NoRecode", "Choices": {"1": {"Display": "Click to write Statement 1", "ExclusiveAnswer": false}, "2": {"Display": "Click to write Statement 2", "ExclusiveAnswer": false}, "3": {"Display": "Click to write Statement 3", "ExclusiveAnswer": false}}, "ChoiceOrder": ["1", "2", "3"], "Validation": {"Settings": {"ForceResponse": "OFF", "ForceResponseType": "ON", "Type": "None"}}, "GradingData": [], "Language": [], "NextChoiceId": 4, "NextAnswerId": 4, "Answers": {"1": {"Display": "Click to write Scale Point 1"}, "2": {"Display": "Click to write Scale Point 2"}, "3": {"Display": "Click to write Scale Point 3"}}, "AnswerOrder": ["1", "2", "3"], "ChoiceDataExportTags": false, "QuestionID": "QID21", "DataVisibility": {"Private": false, "Hidden": false}}}, {"SurveyID": "SV_6llqAsI32tDsPSl", "Element": "SQ", "PrimaryAttribute": "QID20", "SecondaryAttribute": "M Likert MA NoRecode", "TertiaryAttribute": null, "Payload": {"QuestionText": "M Likert MA NoRecode", "DefaultChoices": false, "DataExportTag": "M_Likert_MA_NoRecode", "QuestionType": "Matrix", "Selector": "Likert", "SubSelector": "MultipleAnswer", "Configuration": {"QuestionDescriptionOption": "UseText", "TextPosition": "inline", "ChoiceColumnWidth": 25, "RepeatHeaders": "none", "WhiteSpace": "OFF", "MobileFirst": true}, "QuestionDescription": "M Likert MA NoRecode", "Choices": {"1": {"Display": "Click to write Statement 1"}, "2": {"Display": "Click to write Statement 2"}, "3": {"Display": "Click to write Statement 3"}}, "ChoiceOrder": ["1", "2", "3"], "Validation": {"Settings": {"ForceResponse": "OFF", "ForceResponseType": "ON", "Type": "None"}}, "GradingData": [], "Language": [], "NextChoiceId": 4, "NextAnswerId": 4, "Answers": {"1": {"Display": "Click to write Scale Point 1"}, "2": {"Display": "Click to write Scale Point 2"}, "3": {"Display": "Click to write Scale Point 3"}}, "AnswerOrder": ["1", "2", "3"], "ChoiceDataExportTags": false, "QuestionID": "QID20", "DataVisibility": {"Private": false, "Hidden": false}}}, {"SurveyID": "SV_6llqAsI32tDsPSl", "Element": "SQ", "PrimaryAttribute": "QID22", "SecondaryAttribute": "M MA NoRecode", "TertiaryAttribute": null, "Payload": {"QuestionText": "M MA NoRecode", "DefaultChoices": false, "DataExportTag": "M_MA_NoRecode", "QuestionType": "Matrix", "Selector": "Likert", "SubSelector": "MultipleAnswer", "Configuration": {"QuestionDescriptionOption": "UseText", "TextPosition": "inline", "ChoiceColumnWidth": 25, "RepeatHeaders": "none", "WhiteSpace": "OFF", "MobileFirst": true}, "QuestionDescription": "M MA NoRecode", "Choices": {"1": {"Display": "Click to write Statement 1"}, "2": {"Display": "Click to write Statement 2"}, "3": {"Display": "Click to write Statement 3"}}, "ChoiceOrder": ["1", "2", "3"], "Validation": {"Settings": {"ForceResponse": "OFF", "ForceResponseType": "ON", "Type": "None"}}, "GradingData": [], "Language": [], "NextChoiceId": 4, "NextAnswerId": 4, "Answers": {"1": {"Display": "Click to write Scale Point 1"}, "2": {"Display": "Click to write Scale Point 2"}, "3": {"Display": "Click to write Scale Point 3"}}, "AnswerOrder": ["1", "2", "3"], "ChoiceDataExportTags": false, "QuestionID": "QID22", "DataVisibility": {"Private": false, "Hidden": false}}}, {"SurveyID": "SV_6llqAsI32tDsPSl", "Element": "SQ", "PrimaryAttribute": "QID18", "SecondaryAttribute": "Matrix Likert SA No Recode QuestionLabel", "TertiaryAttribute": null, "Payload": {"QuestionText": "M Like SA NoRecode", "DefaultChoices": false, "DataExportTag": "M_Like_SA_NoRecode", "QuestionType": "Matrix", "Selector": "Likert", "SubSelector": "SingleAnswer", "Configuration": {"QuestionDescriptionOption": "SpecifyLabel", "TextPosition": "inline", "ChoiceColumnWidth": 25, "RepeatHeaders": "none", "WhiteSpace": "OFF", "MobileFirst": true}, "QuestionDescription": "Matrix Likert SA No Recode QuestionLabel", "Choices": {"1": {"Display": "Click to write Statement 1"}, "2": {"Display": "Click to write Statement 2"}, "3": {"Display": "Click to write Statement 3"}}, "ChoiceOrder": ["1", "2", "3"], "Validation": {"Settings": {"ForceResponse": "OFF", "ForceResponseType": "ON", "Type": "None"}}, "GradingData": [], "Language": [], "NextChoiceId": 4, "NextAnswerId": 4, "Answers": {"1": {"Display": "Click to write Scale Point 1"}, "2": {"Display": "Click to write Scale Point 2"}, "3": {"Display": "Click to write Scale Point 3"}}, "AnswerOrder": ["1", "2", "3"], "ChoiceDataExportTags": false, "QuestionID": "QID18", "DataVisibility": {"Private": false, "Hidden": false}}}, {"SurveyID": "SV_6llqAsI32tDsPSl", "Element": "SQ", "PrimaryAttribute": "QID42", "SecondaryAttribute": "Matrix Multi Answer with TextEntry - Recode All", "TertiaryAttribute": null, "Payload": {"QuestionText": "Matrix Multi Answer with TextEntry - Recode All", "DefaultChoices": false, "DataExportTag": "Matrix_MA_RecAll_Txt", "QuestionType": "Matrix", "Selector": "Likert", "SubSelector": "MultipleAnswer", "Configuration": {"QuestionDescriptionOption": "UseText", "TextPosition": "inline", "ChoiceColumnWidth": 25, "RepeatHeaders": "none", "WhiteSpace": "OFF", "MobileFirst": true}, "QuestionDescription": "Matrix Multi Answer with TextEntry - Recode All", "Choices": {"1": {"Display": "This statment also has text entry", "TextEntry": "true"}, "2": {"Display": "Statement 2"}, "3": {"Display": "Statement 3"}}, "ChoiceOrder": ["1", "2", "3"], "Validation": {"Settings": {"ForceResponse": "OFF", "ForceResponseType": "ON", "Type": "None"}}, "GradingData": [], "Language": [], "NextChoiceId": 4, "NextAnswerId": 4, "Answers": {"1": {"Display": "Scale Point 1"}, "2": {"Display": "Scale Point 2"}, "3": {"Display": "Scale Point 3"}}, "AnswerOrder": ["1", "2", "3"], "ChoiceDataExportTags": {"1": "Matrix_MA_RecAll_Txt.Statement1", "2": "Matrix_MA_RecAll_Txt.Statement2", "3": "Matrix_MA_RecAll_Txt.Statement3"}, "QuestionID": "QID42", "RecodeValues": {"1": "6", "2": "7", "3": "8"}, "VariableNaming": {"1": "ValueLabel 1", "2": "ValueLabel 2", "3": "ValueLabel 3"}}}, {"SurveyID": "SV_6llqAsI32tDsPSl", "Element": "SQ", "PrimaryAttribute": "QID41", "SecondaryAttribute": "Matrix_SA_RecAll_Txt.QuestionLabel", "TertiaryAttribute": null, "Payload": {"QuestionText": "Matrix Single Answer with TextEntry - Recode All", "DefaultChoices": false, "DataExportTag": "Matrix_SA_RecAll_Txt", "QuestionType": "Matrix", "Selector": "Likert", "SubSelector": "SingleAnswer", "Configuration": {"QuestionDescriptionOption": "SpecifyLabel", "TextPosition": "inline", "ChoiceColumnWidth": 25, "RepeatHeaders": "none", "WhiteSpace": "OFF", "MobileFirst": true}, "QuestionDescription": "Matrix_SA_RecAll_Txt.QuestionLabel", "Choices": {"1": {"Display": "This statement has text entry", "TextEntry": "true"}, "2": {"Display": "Statement 2"}, "3": {"Display": "Statement 3"}}, "ChoiceOrder": ["1", "2", "3"], "Validation": {"Settings": {"ForceResponse": "OFF", "ForceResponseType": "ON", "Type": "None"}}, "RecodeValues": {"1": "-1", "2": "0", "3": "1"}, "VariableNaming": {"1": "ValueLabel 1", "2": "ValueLabel 2", "3": "ValueLabel 3"}, "GradingData": [], "Language": [], "NextChoiceId": 4, "NextAnswerId": 4, "Answers": {"1": {"Display": "Scale Point 1"}, "2": {"Display": "Scale Point 2"}, "3": {"Display": "Scale Point 3"}}, "AnswerOrder": ["1", "2", "3"], "ChoiceDataExportTags": {"1": "Matrix_SA_RecAll_Txt.Statement1", "2": "Matrix_SA_RecAll_Txt.Statement2", "3": "Matrix_SA_RecAll_Txt.Statement3"}, "QuestionID": "QID41"}}, {"SurveyID": "SV_6llqAsI32tDsPSl", "Element": "SQ", "PrimaryAttribute": "QID3", "SecondaryAttribute": "MC DDown NoRecode", "TertiaryAttribute": null, "Payload": {"QuestionText": "MC DDown NoRecode", "DataExportTag": "MC_DDown_NoRecode", "QuestionType": "MC", "Selector": "DL", "Configuration": {"QuestionDescriptionOption": "UseText"}, "QuestionDescription": "MC DDown NoRecode", "Choices": {"1": {"Display": "Choice1"}, "2": {"Display": "Choice2"}, "3": {"Display": "Choice3"}}, "ChoiceOrder": ["1", "2", "3"], "Validation": {"Settings": {"ForceResponse": "OFF", "ForceResponseType": "ON", "Type": "None"}}, "Language": [], "NextChoiceId": 4, "NextAnswerId": 1, "QuestionID": "QID3", "DataVisibility": {"Private": false, "Hidden": false}}}, {"SurveyID": "SV_6llqAsI32tDsPSl", "Element": "SQ", "PrimaryAttribute": "QID8", "SecondaryAttribute": "MC MACOL NoRecode", "TertiaryAttribute": null, "Payload": {"QuestionText": "MC MACOL NoRecode", "DataExportTag": "MC_MACOL_NoRecode", "QuestionType": "MC", "Selector": "SACOL", "SubSelector": "TX", "Configuration": {"QuestionDescriptionOption": "UseText", "NumColumns": 2}, "QuestionDescription": "MC MACOL NoRecode", "Choices": {"1": {"Display": "Choice1"}, "2": {"Display": "Choice3"}, "3": {"Display": "Choice2"}}, "ChoiceOrder": ["1", "2", "3"], "Validation": {"Settings": {"ForceResponse": "OFF", "ForceResponseType": "ON", "Type": "None"}}, "Language": [], "NextChoiceId": 4, "NextAnswerId": 1, "QuestionID": "QID8", "DataVisibility": {"Private": false, "Hidden": false}}}, {"SurveyID": "SV_6llqAsI32tDsPSl", "Element": "SQ", "PrimaryAttribute": "QID7", "SecondaryAttribute": "MC MAHR NoRecode", "TertiaryAttribute": null, "Payload": {"QuestionText": "MC MAHR NoRecode", "DataExportTag": "MC_MAHR_NoRecode", "QuestionType": "MC", "Selector": "MAHR", "SubSelector": "TX", "Configuration": {"QuestionDescriptionOption": "UseText", "LabelPosition": "BELOW"}, "QuestionDescription": "MC MAHR NoRecode", "Choices": {"1": {"Display": "Choice1"}, "2": {"Display": "Choice2"}, "3": {"Display": "Choice3"}}, "ChoiceOrder": ["1", "2", "3"], "Validation": {"Settings": {"ForceResponse": "OFF", "ForceResponseType": "ON", "Type": "None"}}, "Language": [], "NextChoiceId": 4, "NextAnswerId": 1, "QuestionID": "QID7", "DataVisibility": {"Private": false, "Hidden": false}}}, {"SurveyID": "SV_6llqAsI32tDsPSl", "Element": "SQ", "PrimaryAttribute": "QID17", "SecondaryAttribute": "MC MAVR Both", "TertiaryAttribute": null, "Payload": {"QuestionText": "MC MAVR Both", "DataExportTag": "MC_MAVR_Both", "QuestionType": "MC", "Selector": "MAVR", "SubSelector": "TX", "Configuration": {"QuestionDescriptionOption": "UseText"}, "QuestionDescription": "MC MAVR Both", "Choices": {"1": {"Display": "Click to write Choice 1"}, "2": {"Display": "Click to write Choice 2"}, "3": {"Display": "Click to write Choice 3"}, "4": {"Display": "TextEntryChoice", "TextEntry": "true"}}, "ChoiceOrder": ["1", "2", "3", "4"], "Validation": {"Settings": {"ForceResponse": "OFF", "ForceResponseType": "ON", "Type": "None"}}, "Language": [], "NextChoiceId": 5, "NextAnswerId": 1, "QuestionID": "QID17", "RecodeValues": {"1": "0", "2": "1", "3": "2", "4": "3"}, "DataVisibility": {"Private": false, "Hidden": false}, "VariableNaming": {"1": "MC_MAVR_Both1", "2": "MC_MAVR_Both2", "3": "MC_MAVR_Both3", "4": "MC_MAVR_Both4"}}}, {"SurveyID": "SV_6llqAsI32tDsPSl", "Element": "SQ", "PrimaryAttribute": "QID6", "SecondaryAttribute": "MC MAVR NoRecode", "TertiaryAttribute": null, "Payload": {"QuestionText": "MC MAVR NoRecode", "DataExportTag": "MC_MAVR_NoRecode", "QuestionType": "MC", "Selector": "MAVR", "SubSelector": "TX", "Configuration": {"QuestionDescriptionOption": "UseText"}, "QuestionDescription": "MC MAVR NoRecode", "Choices": {"1": {"Display": "Choice1"}, "2": {"Display": "Choice2"}, "3": {"Display": "Choice3"}}, "ChoiceOrder": ["1", "2", "3"], "Validation": {"Settings": {"ForceResponse": "OFF", "ForceResponseType": "ON", "Type": "None"}}, "Language": [], "NextChoiceId": 4, "NextAnswerId": 1, "QuestionID": "QID6", "DataVisibility": {"Private": false, "Hidden": false}}}, {"SurveyID": "SV_6llqAsI32tDsPSl", "Element": "SQ", "PrimaryAttribute": "QID15", "SecondaryAttribute": "MC MAVR RecVals", "TertiaryAttribute": null, "Payload": {"QuestionText": "MC MAVR RecVals", "DataExportTag": "MC_MAVR_RecVals", "QuestionType": "MC", "Selector": "MAVR", "SubSelector": "TX", "Configuration": {"QuestionDescriptionOption": "UseText"}, "QuestionDescription": "MC MAVR RecVals", "Choices": {"1": {"Display": "Choice1"}, "2": {"Display": "Choice2"}, "3": {"Display": "Choice3"}}, "ChoiceOrder": ["1", "2", "3"], "Validation": {"Settings": {"ForceResponse": "OFF", "ForceResponseType": "ON", "Type": "None"}}, "RecodeValues": {"1": "2", "2": "3", "3": "4"}, "Language": [], "NextChoiceId": 4, "NextAnswerId": 1, "QuestionID": "QID15", "DataVisibility": {"Private": false, "Hidden": false}}}, {"SurveyID": "SV_6llqAsI32tDsPSl", "Element": "SQ", "PrimaryAttribute": "QID16", "SecondaryAttribute": "MC MAVR VarNames", "TertiaryAttribute": null, "Payload": {"QuestionText": "MC MAVR VarNames", "DataExportTag": "MC_MAVR_VarNames", "QuestionType": "MC", "Selector": "MAVR", "SubSelector": "TX", "Configuration": {"QuestionDescriptionOption": "UseText"}, "QuestionDescription": "MC MAVR VarNames", "Choices": {"1": {"Display": "Choice1"}, "2": {"Display": "Choice2"}, "3": {"Display": "Choice3"}}, "ChoiceOrder": ["1", "2", "3"], "Validation": {"Settings": {"ForceResponse": "OFF", "ForceResponseType": "ON", "Type": "None"}}, "VariableNaming": {"1": "MC_MAVR_VarNames1", "2": "MC_MAVR_VarNames2", "3": "MC_MAVR_VarNames3"}, "Language": [], "NextChoiceId": 4, "NextAnswerId": 1, "QuestionID": "QID16", "DataVisibility": {"Private": false, "Hidden": false}}}, {"SurveyID": "SV_6llqAsI32tDsPSl", "Element": "SQ", "PrimaryAttribute": "QID5", "SecondaryAttribute": "MC MSBox NoRecode", "TertiaryAttribute": null, "Payload": {"QuestionText": "MC MSBox NoRecode", "DataExportTag": "MC_MSBox_NoRecode", "QuestionType": "MC", "Selector": "MSB", "Configuration": {"QuestionDescriptionOption": "UseText"}, "QuestionDescription": "MC MSBox NoRecode", "Choices": {"1": {"Display": "Choice1"}, "2": {"Display": "Choice2"}, "3": {"Display": "Choice3"}}, "ChoiceOrder": ["1", "2", "3"], "Validation": {"Settings": {"ForceResponse": "OFF", "ForceResponseType": "ON", "Type": "None"}}, "Language": [], "NextChoiceId": 4, "NextAnswerId": 1, "QuestionID": "QID5", "DataVisibility": {"Private": false, "Hidden": false}}}, {"SurveyID": "SV_6llqAsI32tDsPSl", "Element": "SQ", "PrimaryAttribute": "QID14", "SecondaryAttribute": "MC SAVR Both", "TertiaryAttribute": null, "Payload": {"QuestionText": "MC SAVR Both", "DataExportTag": "MC_SAVR_Both", "QuestionType": "MC", "Selector": "SAVR", "SubSelector": "TX", "Configuration": {"QuestionDescriptionOption": "UseText"}, "QuestionDescription": "MC SAVR Both", "Choices": {"1": {"Display": "Click to write Choice 1"}, "2": {"Display": "Click to write Choice 2"}, "3": {"Display": "Click to write Choice 3"}, "4": {"Display": "TextEntryChoice", "TextEntry": "true", "TextEntryForceResponse": true}}, "ChoiceOrder": ["1", "2", "3", "4"], "Validation": {"Settings": {"ForceResponse": "OFF", "ForceResponseType": "ON", "Type": "None"}}, "RecodeValues": {"1": "5", "2": "6", "3": "7", "4": "8"}, "VariableNaming": {"1": "MC_SAVR_Both1", "2": "MC_SAVR_Both2", "3": "MC_SAVR_Both3", "4": "MC_SAVR_Both4"}, "Language": [], "NextChoiceId": 5, "NextAnswerId": 1, "QuestionID": "QID14", "DataVisibility": {"Private": false, "Hidden": false}}}, {"SurveyID": "SV_6llqAsI32tDsPSl", "Element": "SQ", "PrimaryAttribute": "QID12", "SecondaryAttribute": "MC SAVR RecVals", "TertiaryAttribute": null, "Payload": {"QuestionText": "MC SAVR RecVals", "DataExportTag": "MC_SAVR_RecVals", "QuestionType": "MC", "Selector": "SAVR", "SubSelector": "TX", "Configuration": {"QuestionDescriptionOption": "UseText"}, "QuestionDescription": "MC SAVR RecVals", "Choices": {"1": {"Display": "Choice1"}, "2": {"Display": "Choice2"}, "3": {"Display": "Choice3"}}, "ChoiceOrder": ["1", "2", "3"], "Validation": {"Settings": {"ForceResponse": "OFF", "ForceResponseType": "ON", "Type": "None"}}, "RecodeValues": {"1": "-1", "2": "0", "3": "1"}, "Language": [], "NextChoiceId": 4, "NextAnswerId": 1, "QuestionID": "QID12", "DataVisibility": {"Private": false, "Hidden": false}}}, {"SurveyID": "SV_6llqAsI32tDsPSl", "Element": "SQ", "PrimaryAttribute": "QID13", "SecondaryAttribute": "MC SAVR VarNames", "TertiaryAttribute": null, "Payload": {"QuestionText": "MC SAVR VarNames", "DataExportTag": "MC_SAVR_VarNames", "QuestionType": "MC", "Selector": "SAVR", "SubSelector": "TX", "Configuration": {"QuestionDescriptionOption": "UseText"}, "QuestionDescription": "MC SAVR VarNames", "Choices": {"1": {"Display": "Click to write Choice 1"}, "2": {"Display": "Click to write Choice 2"}, "3": {"Display": "Click to write Choice 3"}}, "ChoiceOrder": ["1", "2", "3"], "Validation": {"Settings": {"ForceResponse": "OFF", "ForceResponseType": "ON", "Type": "None"}}, "VariableNaming": {"1": "MC_SAVR_VarNames1", "2": "MC_SAVR_VarNames2", "3": "MC_SAVR_VarNames3"}, "Language": [], "NextChoiceId": 4, "NextAnswerId": 1, "QuestionID": "QID13", "DataVisibility": {"Private": false, "Hidden": false}}}, {"SurveyID": "SV_6llqAsI32tDsPSl", "Element": "SQ", "PrimaryAttribute": "QID4", "SecondaryAttribute": "MC SBox NoRecode", "TertiaryAttribute": null, "Payload": {"QuestionText": "MC SBox NoRecode", "DataExportTag": "MC_SBox_NoRecode", "QuestionType": "MC", "Selector": "SB", "Configuration": {"QuestionDescriptionOption": "UseText"}, "QuestionDescription": "MC SBox NoRecode", "Choices": {"1": {"Display": "Choice1"}, "2": {"Display": "Choice2"}, "3": {"Display": "Choice3"}}, "ChoiceOrder": ["1", "2", "3"], "Validation": {"Settings": {"ForceResponse": "OFF", "ForceResponseType": "ON", "Type": "None"}}, "Language": [], "NextChoiceId": 4, "NextAnswerId": 1, "QuestionID": "QID4", "DataVisibility": {"Private": false, "Hidden": false}}}, {"SurveyID": "SV_6llqAsI32tDsPSl", "Element": "SQ", "PrimaryAttribute": "QID2", "SecondaryAttribute": "MC_SAHR_NoRecode.QuestionLabel", "TertiaryAttribute": null, "Payload": {"QuestionText": "MC SAHR NoRecode", "DataExportTag": "MC_SAHR_NoRecode", "QuestionType": "MC", "Selector": "SAHR", "SubSelector": "TX", "Configuration": {"QuestionDescriptionOption": "SpecifyLabel", "LabelPosition": "BELOW"}, "QuestionDescription": "MC_SAHR_NoRecode.QuestionLabel", "Choices": {"1": {"Display": "Choice1"}, "2": {"Display": "Choice2"}, "3": {"Display": "Choice3"}}, "ChoiceOrder": ["1", "2", "3"], "Validation": {"Settings": {"ForceResponse": "OFF", "ForceResponseType": "ON", "Type": "None"}}, "Language": [], "NextChoiceId": 4, "NextAnswerId": 1, "QuestionID": "QID2", "DataVisibility": {"Private": false, "Hidden": false}}}, {"SurveyID": "SV_6llqAsI32tDsPSl", "Element": "SQ", "PrimaryAttribute": "QID39", "SecondaryAttribute": "MTX_DND_RecAll_QuestionLabel", "TertiaryAttribute": null, "Payload": {"QuestionText": "Mtx DND RecAll QuestionText", "DefaultChoices": false, "DataExportTag": "Mtx_DND_RecAll", "QuestionType": "Matrix", "Selector": "Likert", "SubSelector": "DND", "Configuration": {"QuestionDescriptionOption": "SpecifyLabel", "ChoiceColumnWidth": 25, "Stack": "OFF", "MobileFirst": false}, "QuestionDescription": "MTX_DND_RecAll_QuestionLabel", "Choices": {"1": {"Display": "Statement 1 Text", "ExclusiveAnswer": false}, "2": {"Display": "Statement 2 Text", "ExclusiveAnswer": false}, "3": {"Display": "Statement 3 Text", "ExclusiveAnswer": false}}, "ChoiceOrder": ["1", "2", "3"], "Validation": {"Settings": {"ForceResponse": "OFF", "ForceResponseType": "ON", "Type": "None"}}, "RecodeValues": {"1": "-1", "2": "0", "3": "3"}, "VariableNaming": {"1": "VarName1", "2": "VarName2", "3": "VarName3"}, "GradingData": [], "Language": [], "NextChoiceId": 4, "NextAnswerId": 4, "Answers": {"1": {"Display": "ScalePoint1"}, "2": {"Display": "ScalePoint2"}, "3": {"Display": "ScalePoint3"}}, "AnswerOrder": ["1", "2", "3"], "ChoiceDataExportTags": {"1": "MTX_DND_SubQuestion.1", "2": "MTX_DND_SubQuestion.2", "3": "MTX_DND_SubQuestion.3"}, "QuestionID": "QID39", "DataVisibility": {"Private": false, "Hidden": false}}}, {"SurveyID": "SV_6llqAsI32tDsPSl", "Element": "SQ", "PrimaryAttribute": "QID40", "SecondaryAttribute": "M_Likert_MA_RecAll QuestionLabel", "TertiaryAttribute": null, "Payload": {"QuestionText": "M_Likert_MA_RecAll Question Text", "DefaultChoices": false, "DataExportTag": "M_Likert_MA_RecAll", "QuestionType": "Matrix", "Selector": "Likert", "SubSelector": "MultipleAnswer", "Configuration": {"QuestionDescriptionOption": "SpecifyLabel", "TextPosition": "inline", "ChoiceColumnWidth": 25, "RepeatHeaders": "none", "WhiteSpace": "OFF", "MobileFirst": true}, "QuestionDescription": "M_Likert_MA_RecAll QuestionLabel", "Choices": {"1": {"Display": "SubQuestion1"}, "2": {"Display": "SubQuestion2"}, "3": {"Display": "SubQuestion3"}}, "ChoiceOrder": ["1", "2", "3"], "Validation": {"Settings": {"ForceResponse": "OFF", "ForceResponseType": "ON", "Type": "None"}}, "GradingData": [], "Language": [], "NextChoiceId": 4, "NextAnswerId": 4, "Answers": {"1": {"Display": "ScalePoint1"}, "2": {"Display": "ScalePoint2"}, "3": {"Display": "ScalePoint3"}}, "AnswerOrder": ["1", "2", "3"], "ChoiceDataExportTags": {"1": "M_Lik_MA_SubQuestion1", "2": "M_Lik_MA_SubQuestion2", "3": "M_Lik_MA_SubQuestion3"}, "QuestionID": "QID40", "RecodeValues": {"1": "15", "2": "66", "3": "99.1"}, "VariableNaming": {"1": "VarName1", "2": "VarName2", "3": "VarName3"}, "DataVisibility": {"Private": false, "Hidden": false}}}, {"SurveyID": "SV_6llqAsI32tDsPSl", "Element": "SQ", "PrimaryAttribute": "QID25", "SecondaryAttribute": "M_Likert_SA_QET_QuestionLabel", "TertiaryAttribute": null, "Payload": {"QuestionText": "M Lik SA QET", "DefaultChoices": false, "DataExportTag": "M_Likert_SA_QET", "QuestionType": "Matrix", "Selector": "Likert", "SubSelector": "SingleAnswer", "Configuration": {"QuestionDescriptionOption": "SpecifyLabel", "TextPosition": "inline", "ChoiceColumnWidth": 25, "RepeatHeaders": "none", "WhiteSpace": "OFF", "MobileFirst": true}, "QuestionDescription": "M_Likert_SA_QET_QuestionLabel", "Choices": {"1": {"Display": "Statement 1"}, "2": {"Display": "Statement 2"}, "3": {"Display": "Statement 3"}}, "ChoiceOrder": ["1", "2", "3"], "Validation": {"Settings": {"ForceResponse": "OFF", "ForceResponseType": "ON", "Type": "None"}}, "GradingData": [], "Language": [], "NextChoiceId": 4, "NextAnswerId": 4, "Answers": {"1": {"Display": "ScalePoint1"}, "2": {"Display": "ScalePoint2"}, "3": {"Display": "ScalePoint3"}}, "AnswerOrder": ["1", "2", "3"], "ChoiceDataExportTags": {"1": "M_Lik_SA_QET_Statement1", "2": "M_Lik_SA_QET_Statement2", "3": "M_Lik_SA_QET_Statement3"}, "QuestionID": "QID25", "DataVisibility": {"Private": false, "Hidden": false}}}, {"SurveyID": "SV_6llqAsI32tDsPSl", "Element": "SQ", "PrimaryAttribute": "QID33", "SecondaryAttribute": "Rank Order", "TertiaryAttribute": null, "Payload": {"QuestionText": "Rank Order", "DefaultChoices": false, "DataExportTag": "RankOrder", "QuestionType": "RO", "Selector": "DND", "SubSelector": "TX", "Configuration": {"QuestionDescriptionOption": "UseText"}, "QuestionDescription": "Rank Order", "Choices": {"1": {"Display": "Click to write Item 1"}, "2": {"Display": "Click to write Item 2"}, "3": {"Display": "Click to write Item 3"}}, "ChoiceOrder": ["1", "2", "3"], "Validation": {"Settings": {"ForceResponse": "OFF", "Type": "None"}}, "GradingData": [], "Language": [], "NextChoiceId": 4, "NextAnswerId": 1, "QuestionID": "QID33", "DataVisibility": {"Private": false, "Hidden": false}}}, {"SurveyID": "SV_6llqAsI32tDsPSl", "Element": "SQ", "PrimaryAttribute": "QID46", "SecondaryAttribute": "RankOrderRecode.QuestionLabel", "TertiaryAttribute": null, "Payload": {"QuestionText": "Rank Order Recode Question Text", "DefaultChoices": false, "DataExportTag": "RankOrderRecode", "QuestionType": "RO", "Selector": "RB", "SubSelector": "TX", "Configuration": {"QuestionDescriptionOption": "SpecifyLabel"}, "QuestionDescription": "RankOrderRecode.QuestionLabel", "Choices": {"1": {"Display": "Item 1"}, "2": {"Display": "Item 2"}, "3": {"Display": "Item 3"}}, "ChoiceOrder": ["1", "2", "3"], "Validation": {"Settings": {"ForceResponse": "OFF", "Type": "None"}}, "RecodeValues": {"1": "11", "2": "22", "3": "33"}, "VariableNaming": {"1": "RankOrder.VN1", "2": "RankOrder.VN2", "3": "RankOrder.VN3"}, "GradingData": [], "Language": [], "NextChoiceId": 4, "NextAnswerId": 1, "QuestionID": "QID46", "DataVisibility": {"Private": false, "Hidden": false}}}, {"SurveyID": "SV_6llqAsI32tDsPSl", "Element": "SQ", "PrimaryAttribute": "QID34", "SecondaryAttribute": "RankOrderTBQuestionLabel", "TertiaryAttribute": null, "Payload": {"QuestionText": "RankOrder TextBox", "DefaultChoices": false, "DataExportTag": "RankOrder_TextBox", "QuestionType": "RO", "Selector": "VR", "SubSelector": "TX", "Configuration": {"QuestionDescriptionOption": "SpecifyLabel"}, "QuestionDescription": "RankOrderTBQuestionLabel", "Choices": {"1": {"Display": "Click to write Item 1"}, "2": {"Display": "Click to write Item 2"}, "3": {"Display": "Click to write Item 3"}}, "ChoiceOrder": ["1", "2", "3"], "Validation": {"Settings": {"ForceResponse": "OFF", "Type": "Consecutive"}}, "GradingData": [], "Language": [], "NextChoiceId": 8, "NextAnswerId": 1, "QuestionID": "QID34", "DataVisibility": {"Private": false, "Hidden": false}}}, {"SurveyID": "SV_6llqAsI32tDsPSl", "Element": "SQ", "PrimaryAttribute": "QID37", "SecondaryAttribute": "SBS RecodeAll with text entry column and Multi_answer column", "TertiaryAttribute": null, "Payload": {"QuestionText": "SBS RecodeAll&nbsp; with text entry column and Multi_answer column", "DefaultChoices": false, "DataExportTag": "SBS_RecodeAll", "QuestionType": "SBS", "Selector": "SBSMatrix", "DataVisibility": {"Private": false, "Hidden": false}, "Configuration": {"QuestionDescriptionOption": "UseText", "RepeatHeaders": "none"}, "QuestionDescription": "SBS RecodeAll with text entry column and Multi_answer column", "Choices": {"1": {"Display": "Click to write Statement 1"}, "2": {"Display": "Click to write Statement 2"}, "3": {"Display": "Click to write Statement 3"}}, "ChoiceOrder": ["1", "2", "3"], "Validation": {"Settings": {"ForceResponse": "OFF", "ForceResponseType": "ON", "Type": "None"}}, "GradingData": [], "Language": [], "NextChoiceId": 4, "NextAnswerId": 5, "NumberOfQuestions": 4, "AdditionalQuestions": {"1": {"Answers": {"1": {"Display": "Col1Ans1"}, "2": {"Display": "Col1ANs2"}}, "QuestionText": "Click to write Column 1", "RecodeValues": {"1": "0", "2": "1"}, "VariableNaming": {"1": "C1A1", "2": "C1A2"}, "AnalyzeChoices": [], "AnswerDataExportTag": "Col1Label", "QuestionType": "Matrix", "Selector": "Likert", "SubSelector": "SingleAnswer", "ChoiceColumnWidthPixels": null, "DataExportTag": "SBS_RecodeAll#1", "QuestionID": "QID37#1", "Choices": {"1": {"Display": "Click to write Statement 1"}, "2": {"Display": "Click to write Statement 2"}, "3": {"Display": "Click to write Statement 3"}}, "ChoiceDataExportTags": {"1": "SBS_RecodeAll_1", "2": "SBS_RecodeAll_2", "3": "SBS_RecodeAll_3"}, "QuestionDescription": "Click to write Column 1", "Configuration": {"QuestionDescriptionOption": "UseText"}}, "2": {"Answers": {"1": {"Display": "Col2Ans1"}, "2": {"Display": "Col2Ans2"}}, "QuestionText": "Click to write Column 2", "RecodeValues": {"1": "2", "2": "3"}, "VariableNaming": {"1": "C2A1", "2": "C2A2"}, "AnalyzeChoices": [], "AnswerDataExportTag": "Col2Label", "QuestionType": "Matrix", "Selector": "Likert", "SubSelector": "SingleAnswer", "ChoiceColumnWidthPixels": null, "DataExportTag": "SBS_RecodeAll#2", "QuestionID": "QID37#2", "Choices": {"1": {"Display": "Click to write Statement 1"}, "2": {"Display": "Click to write Statement 2"}, "3": {"Display": "Click to write Statement 3"}}, "ChoiceDataExportTags": {"1": "SBS_RecodeAll_1", "2": "SBS_RecodeAll_2", "3": "SBS_RecodeAll_3"}, "QuestionDescription": "Click to write Column 2", "Configuration": {"QuestionDescriptionOption": "UseText"}}, "3": {"Answers": {"1": {"Display": "Col3Ans1"}, "2": {"Display": "Col3Ans2"}}, "QuestionText": "Click to write Column 3", "RecodeValues": {"1": "4", "2": "5"}, "VariableNaming": {"1": "C3A1", "2": "C3A2"}, "AnalyzeChoices": [], "AnswerDataExportTag": "Col3Label", "QuestionType": "Matrix", "Selector": "Likert", "SubSelector": "MultipleAnswer", "ChoiceColumnWidthPixels": null, "DataExportTag": "SBS_RecodeAll#3", "QuestionID": "QID37#3", "Choices": {"1": {"Display": "Click to write Statement 1"}, "2": {"Display": "Click to write Statement 2"}, "3": {"Display": "Click to write Statement 3"}}, "ChoiceDataExportTags": {"1": "SBS_RecodeAll_1", "2": "SBS_RecodeAll_2", "3": "SBS_RecodeAll_3"}, "QuestionDescription": "Click to write Column 3", "Configuration": {"QuestionDescriptionOption": "UseText"}}, "4": {"Answers": {"1": {"Display": "Col4Ans1"}, "2": {"Display": "Col4Ans2"}}, "QuestionText": "TextEntryColumn", "RecodeValues": {"1": "6", "2": "7"}, "VariableNaming": {"1": "C4A1", "2": "C4A2"}, "AnalyzeChoices": [], "AnswerDataExportTag": "Col4Label", "QuestionType": "Matrix", "Selector": "TE", "SubSelector": "Medium", "ChoiceColumnWidthPixels": null, "DataExportTag": "SBS_RecodeAll#4", "QuestionID": "QID37#4", "Choices": {"1": {"Display": "Click to write Statement 1"}, "2": {"Display": "Click to write Statement 2"}, "3": {"Display": "Click to write Statement 3"}}, "ChoiceDataExportTags": {"1": "SBS_RecodeAll_1", "2": "SBS_RecodeAll_2", "3": "SBS_RecodeAll_3"}, "QuestionDescription": "TextEntryColumn", "Configuration": {"QuestionDescriptionOption": "UseText"}}}, "ChoiceDataExportTags": {"1": "SBS_RecodeAll_1", "2": "SBS_RecodeAll_2", "3": "SBS_RecodeAll_3"}, "QuestionID": "QID37", "RecodeValues": {"1": "1", "2": "2", "3": "3", "4": "4"}, "VariableNaming": {"1": ["C1A1", "C1A2"], "2": ["C2A1", "C2A2"], "3": ["C3A1", "C3A2"], "4": ["C4A1", "C4A2"]}}}, {"SurveyID": "SV_6llqAsI32tDsPSl", "Element": "SQ", "PrimaryAttribute": "QID35", "SecondaryAttribute": "SBS_NoRecodeQuestionLabel", "TertiaryAttribute": null, "Payload": {"QuestionText": "SBS NoRecode", "DefaultChoices": false, "DataExportTag": "SBS_NoRecode", "QuestionType": "SBS", "Selector": "SBSMatrix", "Configuration": {"QuestionDescriptionOption": "SpecifyLabel", "RepeatHeaders": "none"}, "QuestionDescription": "SBS_NoRecodeQuestionLabel", "Choices": {"1": {"Display": "Click to write Statement 1"}, "2": {"Display": "Click to write Statement 2"}, "3": {"Display": "Click to write Statement 3"}}, "ChoiceOrder": ["1", "2", "3"], "Validation": {"Settings": {"ForceResponse": "OFF", "ForceResponseType": "ON", "Type": "None"}}, "GradingData": [], "Language": [], "NextChoiceId": 4, "NextAnswerId": 7, "NumberOfQuestions": 3, "AdditionalQuestions": {"1": {"Answers": {"1": {"Display": "Col1Ans1"}, "2": {"Display": "Col1ANs2"}}, "QuestionText": "Column1", "RecodeValues": [], "VariableNaming": [], "AnalyzeChoices": [], "QuestionType": "Matrix", "Selector": "Likert", "SubSelector": "SingleAnswer", "ChoiceColumnWidthPixels": null, "DataExportTag": "SBS_NoRecode#1", "QuestionID": "QID35#1", "Choices": {"1": {"Display": "Click to write Statement 1"}, "2": {"Display": "Click to write Statement 2"}, "3": {"Display": "Click to write Statement 3"}}, "ChoiceDataExportTags": false, "QuestionDescription": "Column1", "Configuration": {"QuestionDescriptionOption": "UseText"}}, "2": {"Answers": {"1": {"Display": "Col2Ans1"}, "2": {"Display": "Col2Ans2"}}, "QuestionText": "Column2", "RecodeValues": [], "VariableNaming": [], "AnalyzeChoices": [], "QuestionType": "Matrix", "Selector": "Likert", "SubSelector": "SingleAnswer", "ChoiceColumnWidthPixels": null, "DataExportTag": "SBS_NoRecode#2", "QuestionID": "QID35#2", "Choices": {"1": {"Display": "Click to write Statement 1"}, "2": {"Display": "Click to write Statement 2"}, "3": {"Display": "Click to write Statement 3"}}, "ChoiceDataExportTags": false, "QuestionDescription": "Column2", "Configuration": {"QuestionDescriptionOption": "UseText"}}, "3": {"Answers": {"1": {"Display": "Col3Ans1"}, "2": {"Display": "Col2Ans2"}}, "QuestionText": "Column3", "RecodeValues": [], "VariableNaming": [], "AnalyzeChoices": [], "QuestionType": "Matrix", "Selector": "Likert", "SubSelector": "MultipleAnswer", "ChoiceColumnWidthPixels": null, "DataExportTag": "SBS_NoRecode#3", "QuestionID": "QID35#3", "Choices": {"1": {"Display": "Click to write Statement 1"}, "2": {"Display": "Click to write Statement 2"}, "3": {"Display": "Click to write Statement 3"}}, "ChoiceDataExportTags": false, "QuestionDescription": "Column3", "Configuration": {"QuestionDescriptionOption": "UseText"}}}, "ChoiceDataExportTags": false, "QuestionID": "QID35", "DataVisibility": {"Private": false, "Hidden": false}}}, {"SurveyID": "SV_6llqAsI32tDsPSl", "Element": "SQ", "PrimaryAttribute": "QID45", "SecondaryAttribute": "SBS_RecAll_TextEntry.QuestionLabel", "TertiaryAttribute": null, "Payload": {"QuestionText": "SBS Recode All With Text Entry", "DefaultChoices": false, "DataExportTag": "SBS_RecAll_TextEntry", "QuestionType": "SBS", "Selector": "SBSMatrix", "Configuration": {"QuestionDescriptionOption": "SpecifyLabel", "RepeatHeaders": "none"}, "QuestionDescription": "SBS_RecAll_TextEntry.QuestionLabel", "Choices": {"1": {"Display": "Statement1"}, "2": {"Display": "Statement2"}, "3": {"Display": "Statement3", "TextEntry": "true"}}, "ChoiceOrder": ["1", "2", "3"], "Validation": {"Settings": {"ForceResponse": "OFF", "ForceResponseType": "ON", "Type": "None"}}, "RecodeValues": {"1": "1", "2": "2", "3": "3"}, "VariableNaming": {"1": ["Col2Ans1VN", "Col1Ans2VN"], "2": ["Col2Ans1VN", "Col2Ans2VN"], "3": ["Col3Ans1VN", "Col3Ans2VN"]}, "GradingData": [], "Language": [], "NextChoiceId": 4, "NextAnswerId": 7, "NumberOfQuestions": 3, "AdditionalQuestions": {"1": {"Answers": {"1": {"Display": "Col1Ans1"}, "2": {"Display": "Col1Ans2"}}, "QuestionText": "Column 1 text", "RecodeValues": {"1": "9", "2": "8"}, "VariableNaming": {"1": "Col2Ans1VN", "2": "Col1Ans2VN"}, "AnalyzeChoices": [], "AnswerDataExportTag": "Col1Label", "QuestionType": "Matrix", "Selector": "Likert", "SubSelector": "SingleAnswer", "ChoiceColumnWidthPixels": null, "DataExportTag": "SBS_RecAll_TextEntry#1", "QuestionID": "QID45#1", "Choices": {"1": {"Display": "Statement1"}, "2": {"Display": "Statement2"}, "3": {"Display": "Statement3", "TextEntry": "true"}}, "ChoiceDataExportTags": {"1": "SBS_RecAll.Statement1", "2": "SBS_RecAll.Statement2", "3": "SBS_RecAll.Statement3"}, "QuestionDescription": "Column 1 text", "Configuration": {"QuestionDescriptionOption": "UseText"}}, "2": {"Answers": {"1": {"Display": "Col2Ans1"}, "2": {"Display": "Col2Ans2"}}, "QuestionText": "Column 2 Text", "RecodeValues": {"1": "7", "2": "6"}, "VariableNaming": {"1": "Col2Ans1VN", "2": "Col2Ans2VN"}, "AnalyzeChoices": [], "AnswerDataExportTag": "Col2Label", "QuestionType": "Matrix", "Selector": "Likert", "SubSelector": "SingleAnswer", "ChoiceColumnWidthPixels": null, "DataExportTag": "SBS_RecAll_TextEntry#2", "QuestionID": "QID45#2", "Choices": {"1": {"Display": "Statement1"}, "2": {"Display": "Statement2"}, "3": {"Display": "Statement3", "TextEntry": "true"}}, "ChoiceDataExportTags": {"1": "SBS_RecAll.Statement1", "2": "SBS_RecAll.Statement2", "3": "SBS_RecAll.Statement3"}, "QuestionDescription": "Column 2 Text", "Configuration": {"QuestionDescriptionOption": "UseText"}}, "3": {"Answers": {"1": {"Display": "Col3Ans1"}, "2": {"Display": "Col3Ans2"}}, "QuestionText": "Column 3 Text", "RecodeValues": {"1": "5", "2": "4"}, "VariableNaming": {"1": "Col3Ans1VN", "2": "Col3Ans2VN"}, "AnalyzeChoices": [], "AnswerDataExportTag": "Col3Label", "QuestionType": "Matrix", "Selector": "Likert", "SubSelector": "SingleAnswer", "ChoiceColumnWidthPixels": null, "DataExportTag": "SBS_RecAll_TextEntry#3", "QuestionID": "QID45#3", "Choices": {"1": {"Display": "Statement1"}, "2": {"Display": "Statement2"}, "3": {"Display": "Statement3", "TextEntry": "true"}}, "ChoiceDataExportTags": {"1": "SBS_RecAll.Statement1", "2": "SBS_RecAll.Statement2", "3": "SBS_RecAll.Statement3"}, "QuestionDescription": "Column 3 Text", "Configuration": {"QuestionDescriptionOption": "UseText"}}}, "ChoiceDataExportTags": {"1": "SBS_RecAll.Statement1", "2": "SBS_RecAll.Statement2", "3": "SBS_RecAll.Statement3"}, "QuestionID": "QID45", "DataVisibility": {"Private": false, "Hidden": false}}}, {"SurveyID": "SV_6llqAsI32tDsPSl", "Element": "SQ", "PrimaryAttribute": "QID32", "SecondaryAttribute": "SliderQuestionLabel", "TertiaryAttribute": null, "Payload": {"QuestionText": "Slider Question", "DefaultChoices": false, "DataExportTag": "Slider", "QuestionType": "Slider", "Selector": "HBAR", "Configuration": {"QuestionDescriptionOption": "SpecifyLabel", "CSSliderMin": 0, "CSSliderMax": 100, "GridLines": 10, "NumDecimals": "0", "ShowValue": true, "CustomStart": false, "NotApplicable": false, "MobileFirst": true}, "QuestionDescription": "SliderQuestionLabel", "Choices": {"1": {"Display": "Click to write Choice 1"}, "2": {"Display": "Click to write Choice 2"}, "3": {"Display": "Click to write Choice 3"}}, "ChoiceOrder": ["1", "2", "3"], "Validation": {"Settings": {"ForceResponse": "OFF", "ForceResponseType": "ON", "Type": "None"}}, "GradingData": [], "Language": [], "NextChoiceId": 4, "NextAnswerId": 1, "Labels": [], "QuestionID": "QID32", "DataVisibility": {"Private": false, "Hidden": false}}}, {"SurveyID": "SV_6llqAsI32tDsPSl", "Element": "SQ", "PrimaryAttribute": "QID30", "SecondaryAttribute": "TextEntry CharRange", "TertiaryAttribute": null, "Payload": {"QuestionText": "TextEntry CharRange", "DefaultChoices": false, "DataExportTag": "TextEntry_CharRange", "QuestionType": "TE", "Selector": "SL", "Configuration": {"QuestionDescriptionOption": "UseText"}, "QuestionDescription": "TextEntry CharRange", "Validation": {"Settings": {"ForceResponse": "OFF", "ForceResponseType": "ON", "Type": "CharRange", "MinChars": "1", "TotalChars": "10"}}, "GradingData": [], "Language": [], "NextChoiceId": 4, "NextAnswerId": 1, "SearchSource": {"AllowFreeResponse": "false"}, "QuestionID": "QID30", "DataVisibility": {"Private": false, "Hidden": false}}}, {"SurveyID": "SV_6llqAsI32tDsPSl", "Element": "SQ", "PrimaryAttribute": "QID31", "SecondaryAttribute": "TextEntry ContentVal", "TertiaryAttribute": null, "Payload": {"QuestionText": "TextEntry ContentVal", "DefaultChoices": false, "DataExportTag": "TextEntry_ContentVal", "QuestionType": "TE", "Selector": "SL", "Configuration": {"QuestionDescriptionOption": "UseText"}, "QuestionDescription": "TextEntry ContentVal", "Validation": {"Settings": {"ForceResponse": "OFF", "ForceResponseType": "ON", "Type": "ContentType", "ContentType": "ValidPhone", "ValidDateType": "DateWithFormat", "ValidPhoneType": "ValidUSPhone", "ValidZipType": "ValidUSZip"}}, "GradingData": [], "Language": [], "NextChoiceId": 4, "NextAnswerId": 1, "SearchSource": {"AllowFreeResponse": "false"}, "QuestionID": "QID31", "DataVisibility": {"Private": false, "Hidden": false}}}, {"SurveyID": "SV_6llqAsI32tDsPSl", "Element": "SQ", "PrimaryAttribute": "QID28", "SecondaryAttribute": "TextEntry MinLen", "TertiaryAttribute": null, "Payload": {"QuestionText": "TextEntry MinLen", "DefaultChoices": false, "DataExportTag": "TextEntry_MinLen", "QuestionType": "TE", "Selector": "SL", "Configuration": {"QuestionDescriptionOption": "UseText"}, "QuestionDescription": "TextEntry MinLen", "Validation": {"Settings": {"ForceResponse": "OFF", "ForceResponseType": "ON", "Type": "MinChar", "MinChars": null}}, "GradingData": [], "Language": [], "NextChoiceId": 4, "NextAnswerId": 1, "SearchSource": {"AllowFreeResponse": "false"}, "QuestionID": "QID28", "DataVisibility": {"Private": false, "Hidden": false}}}, {"SurveyID": "SV_6llqAsI32tDsPSl", "Element": "SQ", "PrimaryAttribute": "QID27", "SecondaryAttribute": "TextEntry NoVal", "TertiaryAttribute": null, "Payload": {"QuestionText": "TextEntry NoVal", "DefaultChoices": false, "DataExportTag": "TextEntry_NoVal", "QuestionType": "TE", "Selector": "SL", "Configuration": {"QuestionDescriptionOption": "UseText"}, "QuestionDescription": "TextEntry NoVal", "Validation": {"Settings": {"ForceResponse": "OFF", "ForceResponseType": "ON", "Type": "CharRange", "MinChars": null, "TotalChars": null}}, "GradingData": [], "Language": [], "NextChoiceId": 4, "NextAnswerId": 1, "SearchSource": {"AllowFreeResponse": "false"}, "QuestionID": "QID27", "DataVisibility": {"Private": false, "Hidden": false}}}, {"SurveyID": "SV_6llqAsI32tDsPSl", "Element": "SQ", "PrimaryAttribute": "QID29", "SecondaryAttribute": "TextEntryQuestionLabel", "TertiaryAttribute": null, "Payload": {"QuestionText": "TextEntry MaxLen", "DefaultChoices": false, "DataExportTag": "TextEntry_MaxLen", "QuestionType": "TE", "Selector": "SL", "Configuration": {"QuestionDescriptionOption": "SpecifyLabel"}, "QuestionDescription": "TextEntryQuestionLabel", "Validation": {"Settings": {"ForceResponse": "OFF", "ForceResponseType": "ON", "Type": "TotalChar", "TotalChars": null}}, "GradingData": [], "Language": [], "NextChoiceId": 4, "NextAnswerId": 1, "SearchSource": {"AllowFreeResponse": "false"}, "QuestionID": "QID29", "DataVisibility": {"Private": false, "Hidden": false}}}]}